
Microsoft Visual Studio Solution File, Format Version 12.00
# Visual Studio Version 17
VisualStudioVersion = 17.5.33424.131
MinimumVisualStudioVersion = 10.0.40219.1
Project("{FAE04EC0-301F-11D3-BF4B-00C04F79EFBC}") = "Module 25 EF FinalTask", "Module 25 EF FinalTask\Module 25 EF FinalTask.csproj", "{BFD17219-5258-4437-9EF8-1B84085A6135}"
EndProject
Global
	GlobalSection(SolutionConfigurationPlatforms) = preSolution
		Debug|Any CPU = Debug|Any CPU
		Release|Any CPU = Release|Any CPU
	EndGlobalSection
	GlobalSection(ProjectConfigurationPlatforms) = postSolution
		{BFD17219-5258-4437-9EF8-1B84085A6135}.Debug|Any CPU.ActiveCfg = Debug|Any CPU
		{BFD17219-5258-4437-9EF8-1B84085A6135}.Debug|Any CPU.Build.0 = Debug|Any CPU
		{BFD17219-5258-4437-9EF8-1B84085A6135}.Release|Any CPU.ActiveCfg = Release|Any CPU
		{BFD17219-5258-4437-9EF8-1B84085A6135}.Release|Any CPU.Build.0 = Release|Any CPU
	EndGlobalSection
	GlobalSection(SolutionProperties) = preSolution
		HideSolutionNode = FALSE
	EndGlobalSection
	GlobalSection(ExtensibilityGlobals) = postSolution
		SolutionGuid = {51DB40EC-130B-45BD-90D8-F7A2C922D0C4}
	EndGlobalSection
EndGlobal
